
Microsoft Visual Studio Solution File, Format Version 12.00
# Visual Studio Version 17
VisualStudioVersion = 17.11.35327.3
MinimumVisualStudioVersion = 10.0.40219.1
Project("{2150E333-8FDC-42A3-9474-1A3956D46DE8}") = "Solution Items", "Solution Items", "{5A918461-6A72-448B-A493-C29656818A6A}"
	ProjectSection(SolutionItems) = preProject
		SolutionInfo.cs = SolutionInfo.cs
		_zmeny.txt = _zmeny.txt
	EndProjectSection
EndProject
Project("{FAE04EC0-301F-11D3-BF4B-00C04F79EFBC}") = "Cora.CommIss.Iss", "Cora.CommIss.Iss\Cora.CommIss.Iss.csproj", "{D4516ACD-0060-458B-BFF7-E0553236D4CC}"
EndProject
Global
	GlobalSection(SolutionConfigurationPlatforms) = preSolution
		Debug|Any CPU = Debug|Any CPU
		Release|Any CPU = Release|Any CPU
		Release+Install|Any CPU = Release+Install|Any CPU
	EndGlobalSection
	GlobalSection(ProjectConfigurationPlatforms) = postSolution
		{D4516ACD-0060-458B-BFF7-E0553236D4CC}.Debug|Any CPU.ActiveCfg = Debug|Any CPU
		{D4516ACD-0060-458B-BFF7-E0553236D4CC}.Debug|Any CPU.Build.0 = Debug|Any CPU
		{D4516ACD-0060-458B-BFF7-E0553236D4CC}.Release|Any CPU.ActiveCfg = Release|Any CPU
		{D4516ACD-0060-458B-BFF7-E0553236D4CC}.Release|Any CPU.Build.0 = Release|Any CPU
		{D4516ACD-0060-458B-BFF7-E0553236D4CC}.Release+Install|Any CPU.ActiveCfg = Release+Install|Any CPU
		{D4516ACD-0060-458B-BFF7-E0553236D4CC}.Release+Install|Any CPU.Build.0 = Release+Install|Any CPU
	EndGlobalSection
	GlobalSection(SolutionProperties) = preSolution
		HideSolutionNode = FALSE
	EndGlobalSection
	GlobalSection(ExtensibilityGlobals) = postSolution
		SolutionGuid = {05F8944C-AB33-46D7-A258-93EE53AFA6B1}
	EndGlobalSection
	GlobalSection(Performance) = preSolution
		HasPerformanceSessions = true
	EndGlobalSection
EndGlobal
